// !$*UTF8*$!
{
	archiveVersion = 1;
	classes = {
	};
	objectVersion = 46;
	objects = {

/* Begin PBXBuildFile section */
		5624B27316FB99A40032B5E6 /* main.cpp in Sources */ = {isa = PBXBuildFile; fileRef = 5624B27216FB99A40032B5E6 /* main.cpp */; };
		5624B27516FB99A40032B5E6 /* SimpleShaderCpp.1 in CopyFiles */ = {isa = PBXBuildFile; fileRef = 5624B27416FB99A40032B5E6 /* SimpleShaderCpp.1 */; };
/* End PBXBuildFile section */

/* Begin PBXCopyFilesBuildPhase section */
		5624B26C16FB99A40032B5E6 /* CopyFiles */ = {
			isa = PBXCopyFilesBuildPhase;
			buildActionMask = 2147483647;
			dstPath = /usr/share/man/man1/;
			dstSubfolderSpec = 0;
			files = (
				5624B27516FB99A40032B5E6 /* SimpleShaderCpp.1 in CopyFiles */,
			);
			runOnlyForDeploymentPostprocessing = 1;
		};
/* End PBXCopyFilesBuildPhase section */

/* Begin PBXFileReference section */
		5624B26E16FB99A40032B5E6 /* SimpleShaderCpp */ = {isa = PBXFileReference; explicitFileType = "compiled.mach-o.executable"; includeInIndex = 0; path = SimpleShaderCpp; sourceTree = BUILT_PRODUCTS_DIR; };
		5624B27216FB99A40032B5E6 /* main.cpp */ = {isa = PBXFileReference; lastKnownFileType = sourcecode.cpp.cpp; path = main.cpp; sourceTree = "<group>"; };
		5624B27416FB99A40032B5E6 /* SimpleShaderCpp.1 */ = {isa = PBXFileReference; lastKnownFileType = text.man; path = SimpleShaderCpp.1; sourceTree = "<group>"; };
/* End PBXFileReference section */

/* Begin PBXFrameworksBuildPhase section */
		5624B26B16FB99A40032B5E6 /* Frameworks */ = {
			isa = PBXFrameworksBuildPhase;
			buildActionMask = 2147483647;
			files = (
			);
			runOnlyForDeploymentPostprocessing = 0;
		};
/* End PBXFrameworksBuildPhase section */

/* Begin PBXGroup section */
		5624B26316FB99A40032B5E6 = {
			isa = PBXGroup;
			children = (
				5624B27116FB99A40032B5E6 /* SimpleShaderCpp */,
				5624B26F16FB99A40032B5E6 /* Products */,
			);
			sourceTree = "<group>";
		};
		5624B26F16FB99A40032B5E6 /* Products */ = {
			isa = PBXGroup;
			children = (
				5624B26E16FB99A40032B5E6 /* SimpleShaderCpp */,
			);
			name = Products;
			sourceTree = "<group>";
		};
		5624B27116FB99A40032B5E6 /* SimpleShaderCpp */ = {
			isa = PBXGroup;
			children = (
				5624B27216FB99A40032B5E6 /* main.cpp */,
				5624B27416FB99A40032B5E6 /* SimpleShaderCpp.1 */,
			);
			path = SimpleShaderCpp;
			sourceTree = "<group>";
		};
/* End PBXGroup section */

/* Begin PBXNativeTarget section */
		5624B26D16FB99A40032B5E6 /* SimpleShaderCpp */ = {
			isa = PBXNativeTarget;
			buildConfigurationList = 5624B27816FB99A40032B5E6 /* Build configuration list for PBXNativeTarget "SimpleShaderCpp" */;
			buildPhases = (
				5624B26A16FB99A40032B5E6 /* Sources */,
				5624B26B16FB99A40032B5E6 /* Frameworks */,
				5624B26C16FB99A40032B5E6 /* CopyFiles */,
			);
			buildRules = (
			);
			dependencies = (
			);
			name = SimpleShaderCpp;
			productName = SimpleShaderCpp;
			productReference = 5624B26E16FB99A40032B5E6 /* SimpleShaderCpp */;
			productType = "com.apple.product-type.tool";
		};
/* End PBXNativeTarget section */

/* Begin PBXProject section */
		5624B26516FB99A40032B5E6 /* Project object */ = {
			isa = PBXProject;
			attributes = {
				LastUpgradeCheck = 0440;
				ORGANIZATIONNAME = "Emmanuel Piuze";
			};
			buildConfigurationList = 5624B26816FB99A40032B5E6 /* Build configuration list for PBXProject "SimpleShaderCpp" */;
			compatibilityVersion = "Xcode 3.2";
			developmentRegion = English;
			hasScannedForEncodings = 0;
			knownRegions = (
				en,
			);
			mainGroup = 5624B26316FB99A40032B5E6;
			productRefGroup = 5624B26F16FB99A40032B5E6 /* Products */;
			projectDirPath = "";
			projectRoot = "";
			targets = (
				5624B26D16FB99A40032B5E6 /* SimpleShaderCpp */,
			);
		};
/* End PBXProject section */

/* Begin PBXSourcesBuildPhase section */
		5624B26A16FB99A40032B5E6 /* Sources */ = {
			isa = PBXSourcesBuildPhase;
			buildActionMask = 2147483647;
			files = (
				5624B27316FB99A40032B5E6 /* main.cpp in Sources */,
			);
			runOnlyForDeploymentPostprocessing = 0;
		};
/* End PBXSourcesBuildPhase section */

/* Begin XCBuildConfiguration section */
		5624B27616FB99A40032B5E6 /* Debug */ = {
			isa = XCBuildConfiguration;
			buildSettings = {
				ALWAYS_SEARCH_USER_PATHS = NO;
				ARCHS = "$(ARCHS_STANDARD_64_BIT)";
				CLANG_CXX_LANGUAGE_STANDARD = "gnu++0x";
				CLANG_ENABLE_OBJC_ARC = YES;
				CLANG_WARN__DUPLICATE_METHOD_MATCH = YES;
				COPY_PHASE_STRIP = NO;
				GCC_C_LANGUAGE_STANDARD = gnu99;
				GCC_DYNAMIC_NO_PIC = NO;
				GCC_ENABLE_OBJC_EXCEPTIONS = YES;
				GCC_OPTIMIZATION_LEVEL = 0;
				GCC_PREPROCESSOR_DEFINITIONS = (
					"DEBUG=1",
					"$(inherited)",
				);
				GCC_SYMBOLS_PRIVATE_EXTERN = NO;
				GCC_WARN_64_TO_32_BIT_CONVERSION = YES;
				GCC_WARN_ABOUT_RETURN_TYPE = YES;
				GCC_WARN_UNINITIALIZED_AUTOS = YES;
				GCC_WARN_UNUSED_VARIABLE = YES;
				MACOSX_DEPLOYMENT_TARGET = 10.7;
				ONLY_ACTIVE_ARCH = YES;
				SDKROOT = macosx;
			};
			name = Debug;
		};
		5624B27716FB99A40032B5E6 /* Release */ = {
			isa = XCBuildConfiguration;
			buildSettings = {
				ALWAYS_SEARCH_USER_PATHS = NO;
				ARCHS = "$(ARCHS_STANDARD_64_BIT)";
				CLANG_CXX_LANGUAGE_STANDARD = "gnu++0x";
				CLANG_ENABLE_OBJC_ARC = YES;
				CLANG_WARN__DUPLICATE_METHOD_MATCH = YES;
				COPY_PHASE_STRIP = YES;
				DEBUG_INFORMATION_FORMAT = "dwarf-with-dsym";
				GCC_C_LANGUAGE_STANDARD = gnu99;
				GCC_ENABLE_OBJC_EXCEPTIONS = YES;
				GCC_WARN_64_TO_32_BIT_CONVERSION = YES;
				GCC_WARN_ABOUT_RETURN_TYPE = YES;
				GCC_WARN_UNINITIALIZED_AUTOS = YES;
				GCC_WARN_UNUSED_VARIABLE = YES;
				MACOSX_DEPLOYMENT_TARGET = 10.7;
				SDKROOT = macosx;
			};
			name = Release;
		};
		5624B27916FB99A40032B5E6 /* Debug */ = {
			isa = XCBuildConfiguration;
			buildSettings = {
				PRODUCT_NAME = "$(TARGET_NAME)";
			};
			name = Debug;
		};
		5624B27A16FB99A40032B5E6 /* Release */ = {
			isa = XCBuildConfiguration;
			buildSettings = {
				PRODUCT_NAME = "$(TARGET_NAME)";
			};
			name = Release;
		};
/* End XCBuildConfiguration section */

/* Begin XCConfigurationList section */
		5624B26816FB99A40032B5E6 /* Build configuration list for PBXProject "SimpleShaderCpp" */ = {
			isa = XCConfigurationList;
			buildConfigurations = (
				5624B27616FB99A40032B5E6 /* Debug */,
				5624B27716FB99A40032B5E6 /* Release */,
			);
			defaultConfigurationIsVisible = 0;
			defaultConfigurationName = Release;
		};
		5624B27816FB99A40032B5E6 /* Build configuration list for PBXNativeTarget "SimpleShaderCpp" */ = {
			isa = XCConfigurationList;
			buildConfigurations = (
				5624B27916FB99A40032B5E6 /* Debug */,
				5624B27A16FB99A40032B5E6 /* Release */,
			);
			defaultConfigurationIsVisible = 0;
		};
/* End XCConfigurationList section */
	};
	rootObject = 5624B26516FB99A40032B5E6 /* Project object */;
}
