// !$*UTF8*$!
{
	archiveVersion = 1;
	classes = {
	};
	objectVersion = 46;
	objects = {

/* Begin PBXBuildFile section */
		5624B27E16FB9CDC0032B5E6 /* OpenGL.framework in Frameworks */ = {isa = PBXBuildFile; fileRef = 5624B27D16FB9CDC0032B5E6 /* OpenGL.framework */; };
		5624B28016FBCB470032B5E6 /* GLUT.framework in Frameworks */ = {isa = PBXBuildFile; fileRef = 5624B27F16FBCB470032B5E6 /* GLUT.framework */; };
		9218052E16FBF85300A7CC2B /* CoreFoundation.framework in Frameworks */ = {isa = PBXBuildFile; fileRef = 9218052D16FBF85300A7CC2B /* CoreFoundation.framework */; };
		9218052F16FBF98500A7CC2B /* vwave.glsl in CopyFiles */ = {isa = PBXBuildFile; fileRef = 9218052916FBEEF300A7CC2B /* vwave.glsl */; };
		9218053016FBF98900A7CC2B /* fPassThrough.glsl in CopyFiles */ = {isa = PBXBuildFile; fileRef = 9218052716FBEEF300A7CC2B /* fPassThrough.glsl */; };
		9218053316FBFAE300A7CC2B /* nonphoto.c in Sources */ = {isa = PBXBuildFile; fileRef = 9218053216FBFAE300A7CC2B /* nonphoto.c */; };
		9218053616FBFB0900A7CC2B /* vertex_shader.vp in CopyFiles */ = {isa = PBXBuildFile; fileRef = 9218052816FBEEF300A7CC2B /* vertex_shader.vp */; };
		9218053716FBFB1500A7CC2B /* vnonphoto.glsl in CopyFiles */ = {isa = PBXBuildFile; fileRef = 9218053416FBFAFD00A7CC2B /* vnonphoto.glsl */; };
		9218053816FBFB1C00A7CC2B /* vPassThrough.glsl in CopyFiles */ = {isa = PBXBuildFile; fileRef = 9218053516FBFAFD00A7CC2B /* vPassThrough.glsl */; };
/* End PBXBuildFile section */

/* Begin PBXCopyFilesBuildPhase section */
		5624B26C16FB99A40032B5E6 /* CopyFiles */ = {
			isa = PBXCopyFilesBuildPhase;
			buildActionMask = 12;
			dstPath = "";
			dstSubfolderSpec = 7;
			files = (
				9218052F16FBF98500A7CC2B /* vwave.glsl in CopyFiles */,
				9218053716FBFB1500A7CC2B /* vnonphoto.glsl in CopyFiles */,
				9218053816FBFB1C00A7CC2B /* vPassThrough.glsl in CopyFiles */,
				9218053616FBFB0900A7CC2B /* vertex_shader.vp in CopyFiles */,
				9218053016FBF98900A7CC2B /* fPassThrough.glsl in CopyFiles */,
			);
			runOnlyForDeploymentPostprocessing = 0;
		};
/* End PBXCopyFilesBuildPhase section */

/* Begin PBXFileReference section */
		5624B26E16FB99A40032B5E6 /* SimpleShaderCpp */ = {isa = PBXFileReference; explicitFileType = "compiled.mach-o.executable"; includeInIndex = 0; path = SimpleShaderCpp; sourceTree = BUILT_PRODUCTS_DIR; };
		5624B27216FB99A40032B5E6 /* main.cpp */ = {isa = PBXFileReference; lastKnownFileType = sourcecode.cpp.cpp; path = main.cpp; sourceTree = "<group>"; };
		5624B27416FB99A40032B5E6 /* SimpleShaderCpp.1 */ = {isa = PBXFileReference; lastKnownFileType = text.man; path = SimpleShaderCpp.1; sourceTree = "<group>"; };
		5624B27B16FB99DA0032B5E6 /* shader_prog */ = {isa = PBXFileReference; fileEncoding = 4; lastKnownFileType = text; path = shader_prog; sourceTree = "<group>"; };
		5624B27C16FB9B190032B5E6 /* shader_prog.h */ = {isa = PBXFileReference; lastKnownFileType = sourcecode.c.h; path = shader_prog.h; sourceTree = "<group>"; };
		5624B27D16FB9CDC0032B5E6 /* OpenGL.framework */ = {isa = PBXFileReference; lastKnownFileType = wrapper.framework; name = OpenGL.framework; path = System/Library/Frameworks/OpenGL.framework; sourceTree = SDKROOT; };
		5624B27F16FBCB470032B5E6 /* GLUT.framework */ = {isa = PBXFileReference; lastKnownFileType = wrapper.framework; name = GLUT.framework; path = System/Library/Frameworks/GLUT.framework; sourceTree = SDKROOT; };
		9218051616FBEB9A00A7CC2B /* wave.c */ = {isa = PBXFileReference; fileEncoding = 4; lastKnownFileType = sourcecode.c.c; path = wave.c; sourceTree = "<group>"; };
		9218052616FBEEF200A7CC2B /* color_shader.fp */ = {isa = PBXFileReference; fileEncoding = 4; lastKnownFileType = text; path = color_shader.fp; sourceTree = "<group>"; };
		9218052716FBEEF300A7CC2B /* fPassThrough.glsl */ = {isa = PBXFileReference; fileEncoding = 4; lastKnownFileType = text; path = fPassThrough.glsl; sourceTree = "<group>"; };
		9218052816FBEEF300A7CC2B /* vertex_shader.vp */ = {isa = PBXFileReference; fileEncoding = 4; lastKnownFileType = text; path = vertex_shader.vp; sourceTree = "<group>"; };
		9218052916FBEEF300A7CC2B /* vwave.glsl */ = {isa = PBXFileReference; fileEncoding = 4; lastKnownFileType = text; path = vwave.glsl; sourceTree = "<group>"; };
		9218052D16FBF85300A7CC2B /* CoreFoundation.framework */ = {isa = PBXFileReference; lastKnownFileType = wrapper.framework; name = CoreFoundation.framework; path = System/Library/Frameworks/CoreFoundation.framework; sourceTree = SDKROOT; };
		9218053216FBFAE300A7CC2B /* nonphoto.c */ = {isa = PBXFileReference; fileEncoding = 4; lastKnownFileType = sourcecode.c.c; path = nonphoto.c; sourceTree = "<group>"; };
		9218053416FBFAFD00A7CC2B /* vnonphoto.glsl */ = {isa = PBXFileReference; fileEncoding = 4; lastKnownFileType = text; path = vnonphoto.glsl; sourceTree = "<group>"; };
		9218053516FBFAFD00A7CC2B /* vPassThrough.glsl */ = {isa = PBXFileReference; fileEncoding = 4; lastKnownFileType = text; path = vPassThrough.glsl; sourceTree = "<group>"; };
/* End PBXFileReference section */

/* Begin PBXFrameworksBuildPhase section */
		5624B26B16FB99A40032B5E6 /* Frameworks */ = {
			isa = PBXFrameworksBuildPhase;
			buildActionMask = 2147483647;
			files = (
				9218052E16FBF85300A7CC2B /* CoreFoundation.framework in Frameworks */,
				5624B28016FBCB470032B5E6 /* GLUT.framework in Frameworks */,
				5624B27E16FB9CDC0032B5E6 /* OpenGL.framework in Frameworks */,
			);
			runOnlyForDeploymentPostprocessing = 0;
		};
/* End PBXFrameworksBuildPhase section */

/* Begin PBXGroup section */
		5624B26316FB99A40032B5E6 = {
			isa = PBXGroup;
			children = (
				9218052D16FBF85300A7CC2B /* CoreFoundation.framework */,
				5624B27F16FBCB470032B5E6 /* GLUT.framework */,
				5624B27D16FB9CDC0032B5E6 /* OpenGL.framework */,
				5624B27116FB99A40032B5E6 /* SimpleShaderCpp */,
				5624B26F16FB99A40032B5E6 /* Products */,
			);
			sourceTree = "<group>";
		};
		5624B26F16FB99A40032B5E6 /* Products */ = {
			isa = PBXGroup;
			children = (
				5624B26E16FB99A40032B5E6 /* SimpleShaderCpp */,
			);
			name = Products;
			sourceTree = "<group>";
		};
		5624B27116FB99A40032B5E6 /* SimpleShaderCpp */ = {
			isa = PBXGroup;
			children = (
				9218053116FBFACC00A7CC2B /* Cartoon */,
				5624B27216FB99A40032B5E6 /* main.cpp */,
				9218052616FBEEF200A7CC2B /* color_shader.fp */,
				9218052716FBEEF300A7CC2B /* fPassThrough.glsl */,
				9218052816FBEEF300A7CC2B /* vertex_shader.vp */,
				9218052916FBEEF300A7CC2B /* vwave.glsl */,
				9218053416FBFAFD00A7CC2B /* vnonphoto.glsl */,
				9218053516FBFAFD00A7CC2B /* vPassThrough.glsl */,
				9218051616FBEB9A00A7CC2B /* wave.c */,
				5624B27C16FB9B190032B5E6 /* shader_prog.h */,
				5624B27416FB99A40032B5E6 /* SimpleShaderCpp.1 */,
				5624B27B16FB99DA0032B5E6 /* shader_prog */,
			);
			path = SimpleShaderCpp;
			sourceTree = "<group>";
		};
		9218053116FBFACC00A7CC2B /* Cartoon */ = {
			isa = PBXGroup;
			children = (
				9218053216FBFAE300A7CC2B /* nonphoto.c */,
			);
			name = Cartoon;
			sourceTree = "<group>";
		};
/* End PBXGroup section */

/* Begin PBXNativeTarget section */
		5624B26D16FB99A40032B5E6 /* SimpleShaderCpp */ = {
			isa = PBXNativeTarget;
			buildConfigurationList = 5624B27816FB99A40032B5E6 /* Build configuration list for PBXNativeTarget "SimpleShaderCpp" */;
			buildPhases = (
				5624B26A16FB99A40032B5E6 /* Sources */,
				5624B26B16FB99A40032B5E6 /* Frameworks */,
				5624B26C16FB99A40032B5E6 /* CopyFiles */,
			);
			buildRules = (
			);
			dependencies = (
			);
			name = SimpleShaderCpp;
			productName = SimpleShaderCpp;
			productReference = 5624B26E16FB99A40032B5E6 /* SimpleShaderCpp */;
			productType = "com.apple.product-type.tool";
		};
/* End PBXNativeTarget section */

/* Begin PBXProject section */
		5624B26516FB99A40032B5E6 /* Project object */ = {
			isa = PBXProject;
			attributes = {
				LastUpgradeCheck = 0440;
				ORGANIZATIONNAME = "Emmanuel Piuze";
			};
			buildConfigurationList = 5624B26816FB99A40032B5E6 /* Build configuration list for PBXProject "SimpleShaderCpp" */;
			compatibilityVersion = "Xcode 3.2";
			developmentRegion = English;
			hasScannedForEncodings = 0;
			knownRegions = (
				en,
			);
			mainGroup = 5624B26316FB99A40032B5E6;
			productRefGroup = 5624B26F16FB99A40032B5E6 /* Products */;
			projectDirPath = "";
			projectRoot = "";
			targets = (
				5624B26D16FB99A40032B5E6 /* SimpleShaderCpp */,
			);
		};
/* End PBXProject section */

/* Begin PBXSourcesBuildPhase section */
		5624B26A16FB99A40032B5E6 /* Sources */ = {
			isa = PBXSourcesBuildPhase;
			buildActionMask = 2147483647;
			files = (
				9218053316FBFAE300A7CC2B /* nonphoto.c in Sources */,
			);
			runOnlyForDeploymentPostprocessing = 0;
		};
/* End PBXSourcesBuildPhase section */

/* Begin XCBuildConfiguration section */
		5624B27616FB99A40032B5E6 /* Debug */ = {
			isa = XCBuildConfiguration;
			buildSettings = {
				ALWAYS_SEARCH_USER_PATHS = NO;
				ARCHS = "$(ARCHS_STANDARD_64_BIT)";
				CLANG_CXX_LANGUAGE_STANDARD = "gnu++0x";
				CLANG_ENABLE_OBJC_ARC = YES;
				CLANG_WARN__DUPLICATE_METHOD_MATCH = YES;
				COPY_PHASE_STRIP = NO;
				GCC_C_LANGUAGE_STANDARD = gnu99;
				GCC_DYNAMIC_NO_PIC = NO;
				GCC_ENABLE_OBJC_EXCEPTIONS = YES;
				GCC_OPTIMIZATION_LEVEL = 0;
				GCC_PREPROCESSOR_DEFINITIONS = (
					"DEBUG=1",
					"$(inherited)",
				);
				GCC_SYMBOLS_PRIVATE_EXTERN = NO;
				GCC_WARN_64_TO_32_BIT_CONVERSION = YES;
				GCC_WARN_ABOUT_RETURN_TYPE = YES;
				GCC_WARN_UNINITIALIZED_AUTOS = YES;
				GCC_WARN_UNUSED_VARIABLE = YES;
				MACOSX_DEPLOYMENT_TARGET = 10.7;
				ONLY_ACTIVE_ARCH = YES;
				SDKROOT = macosx;
			};
			name = Debug;
		};
		5624B27716FB99A40032B5E6 /* Release */ = {
			isa = XCBuildConfiguration;
			buildSettings = {
				ALWAYS_SEARCH_USER_PATHS = NO;
				ARCHS = "$(ARCHS_STANDARD_64_BIT)";
				CLANG_CXX_LANGUAGE_STANDARD = "gnu++0x";
				CLANG_ENABLE_OBJC_ARC = YES;
				CLANG_WARN__DUPLICATE_METHOD_MATCH = YES;
				COPY_PHASE_STRIP = YES;
				DEBUG_INFORMATION_FORMAT = "dwarf-with-dsym";
				GCC_C_LANGUAGE_STANDARD = gnu99;
				GCC_ENABLE_OBJC_EXCEPTIONS = YES;
				GCC_WARN_64_TO_32_BIT_CONVERSION = YES;
				GCC_WARN_ABOUT_RETURN_TYPE = YES;
				GCC_WARN_UNINITIALIZED_AUTOS = YES;
				GCC_WARN_UNUSED_VARIABLE = YES;
				MACOSX_DEPLOYMENT_TARGET = 10.7;
				SDKROOT = macosx;
			};
			name = Release;
		};
		5624B27916FB99A40032B5E6 /* Debug */ = {
			isa = XCBuildConfiguration;
			buildSettings = {
				ONLY_ACTIVE_ARCH = YES;
				PRODUCT_NAME = "$(TARGET_NAME)";
			};
			name = Debug;
		};
		5624B27A16FB99A40032B5E6 /* Release */ = {
			isa = XCBuildConfiguration;
			buildSettings = {
				PRODUCT_NAME = "$(TARGET_NAME)";
			};
			name = Release;
		};
/* End XCBuildConfiguration section */

/* Begin XCConfigurationList section */
		5624B26816FB99A40032B5E6 /* Build configuration list for PBXProject "SimpleShaderCpp" */ = {
			isa = XCConfigurationList;
			buildConfigurations = (
				5624B27616FB99A40032B5E6 /* Debug */,
				5624B27716FB99A40032B5E6 /* Release */,
			);
			defaultConfigurationIsVisible = 0;
			defaultConfigurationName = Release;
		};
		5624B27816FB99A40032B5E6 /* Build configuration list for PBXNativeTarget "SimpleShaderCpp" */ = {
			isa = XCConfigurationList;
			buildConfigurations = (
				5624B27916FB99A40032B5E6 /* Debug */,
				5624B27A16FB99A40032B5E6 /* Release */,
			);
			defaultConfigurationIsVisible = 0;
			defaultConfigurationName = Release;
		};
/* End XCConfigurationList section */
	};
	rootObject = 5624B26516FB99A40032B5E6 /* Project object */;
}
